
Microsoft Visual Studio Solution File, Format Version 12.00
# Visual Studio 14
VisualStudioVersion = 14.0.23107.0
MinimumVisualStudioVersion = 10.0.40219.1
Project("{FAE04EC0-301F-11D3-BF4B-00C04F79EFBC}") = "Exercise2.3", "Exercise2.3\Exercise2.3.csproj", "{08003BE2-11AD-4E1A-AA2D-E8EF7DE9ACA0}"
EndProject
Project("{FAE04EC0-301F-11D3-BF4B-00C04F79EFBC}") = "Exercise2.2", "Exercise2.2\Exercise2.2.csproj", "{87F4764C-2ED1-431E-B4B9-E720F1F2DE6B}"
EndProject
Project("{FAE04EC0-301F-11D3-BF4B-00C04F79EFBC}") = "Exercise4.3", "Exercise4.3\Exercise4.3.csproj", "{C2B99460-37A0-4330-B706-8A83B93B7B64}"
EndProject
Project("{FAE04EC0-301F-11D3-BF4B-00C04F79EFBC}") = "Exercise3.2", "Exercise3.2\Exercise3.2.csproj", "{72DC462A-5694-44C7-B569-D6AA5D649E81}"
EndProject
Project("{FAE04EC0-301F-11D3-BF4B-00C04F79EFBC}") = "HW4_Exercise8.3", "HW4_Exercise8.3\HW4_Exercise8.3.csproj", "{DB25703A-6F7C-4899-A47E-E154129182B0}"
EndProject
Project("{FAE04EC0-301F-11D3-BF4B-00C04F79EFBC}") = "HW5_Exercise9.3", "HW5_Exercise9.3\HW5_Exercise9.3.csproj", "{F10BA303-BBF4-41D5-B9D6-15F8FF27ABB7}"
EndProject
Project("{FAE04EC0-301F-11D3-BF4B-00C04F79EFBC}") = "HW5_Exercise9.4", "HW5_Exercise9.4\HW5_Exercise9.4.csproj", "{FA6BB2E0-A3F2-4DAA-BDF2-EC228CF471DC}"
EndProject
Project("{FAE04EC0-301F-11D3-BF4B-00C04F79EFBC}") = "HW3_Exercise6.2", "HW3_Exercise6.2\HW3_Exercise6.2.csproj", "{6F0128DA-C953-477B-ACE5-9CD52494D1A3}"
EndProject
Project("{FAE04EC0-301F-11D3-BF4B-00C04F79EFBC}") = "HW4_Exercise7.1", "HW4_Exercise7.1\HW4_Exercise7.1.csproj", "{93AB030C-13AC-4770-AFDF-83CA1559FDEF}"
EndProject
Global
	GlobalSection(SolutionConfigurationPlatforms) = preSolution
		Debug|Any CPU = Debug|Any CPU
		Release|Any CPU = Release|Any CPU
	EndGlobalSection
	GlobalSection(ProjectConfigurationPlatforms) = postSolution
		{08003BE2-11AD-4E1A-AA2D-E8EF7DE9ACA0}.Debug|Any CPU.ActiveCfg = Debug|Any CPU
		{08003BE2-11AD-4E1A-AA2D-E8EF7DE9ACA0}.Debug|Any CPU.Build.0 = Debug|Any CPU
		{08003BE2-11AD-4E1A-AA2D-E8EF7DE9ACA0}.Release|Any CPU.ActiveCfg = Release|Any CPU
		{08003BE2-11AD-4E1A-AA2D-E8EF7DE9ACA0}.Release|Any CPU.Build.0 = Release|Any CPU
		{87F4764C-2ED1-431E-B4B9-E720F1F2DE6B}.Debug|Any CPU.ActiveCfg = Debug|Any CPU
		{87F4764C-2ED1-431E-B4B9-E720F1F2DE6B}.Debug|Any CPU.Build.0 = Debug|Any CPU
		{87F4764C-2ED1-431E-B4B9-E720F1F2DE6B}.Release|Any CPU.ActiveCfg = Release|Any CPU
		{87F4764C-2ED1-431E-B4B9-E720F1F2DE6B}.Release|Any CPU.Build.0 = Release|Any CPU
		{C2B99460-37A0-4330-B706-8A83B93B7B64}.Debug|Any CPU.ActiveCfg = Debug|Any CPU
		{C2B99460-37A0-4330-B706-8A83B93B7B64}.Debug|Any CPU.Build.0 = Debug|Any CPU
		{C2B99460-37A0-4330-B706-8A83B93B7B64}.Release|Any CPU.ActiveCfg = Release|Any CPU
		{C2B99460-37A0-4330-B706-8A83B93B7B64}.Release|Any CPU.Build.0 = Release|Any CPU
		{72DC462A-5694-44C7-B569-D6AA5D649E81}.Debug|Any CPU.ActiveCfg = Debug|Any CPU
		{72DC462A-5694-44C7-B569-D6AA5D649E81}.Debug|Any CPU.Build.0 = Debug|Any CPU
		{72DC462A-5694-44C7-B569-D6AA5D649E81}.Release|Any CPU.ActiveCfg = Release|Any CPU
		{72DC462A-5694-44C7-B569-D6AA5D649E81}.Release|Any CPU.Build.0 = Release|Any CPU
		{DB25703A-6F7C-4899-A47E-E154129182B0}.Debug|Any CPU.ActiveCfg = Debug|Any CPU
		{DB25703A-6F7C-4899-A47E-E154129182B0}.Debug|Any CPU.Build.0 = Debug|Any CPU
		{DB25703A-6F7C-4899-A47E-E154129182B0}.Release|Any CPU.ActiveCfg = Release|Any CPU
		{DB25703A-6F7C-4899-A47E-E154129182B0}.Release|Any CPU.Build.0 = Release|Any CPU
		{F10BA303-BBF4-41D5-B9D6-15F8FF27ABB7}.Debug|Any CPU.ActiveCfg = Debug|Any CPU
		{F10BA303-BBF4-41D5-B9D6-15F8FF27ABB7}.Debug|Any CPU.Build.0 = Debug|Any CPU
		{F10BA303-BBF4-41D5-B9D6-15F8FF27ABB7}.Release|Any CPU.ActiveCfg = Release|Any CPU
		{F10BA303-BBF4-41D5-B9D6-15F8FF27ABB7}.Release|Any CPU.Build.0 = Release|Any CPU
		{FA6BB2E0-A3F2-4DAA-BDF2-EC228CF471DC}.Debug|Any CPU.ActiveCfg = Debug|Any CPU
		{FA6BB2E0-A3F2-4DAA-BDF2-EC228CF471DC}.Debug|Any CPU.Build.0 = Debug|Any CPU
		{FA6BB2E0-A3F2-4DAA-BDF2-EC228CF471DC}.Release|Any CPU.ActiveCfg = Release|Any CPU
		{FA6BB2E0-A3F2-4DAA-BDF2-EC228CF471DC}.Release|Any CPU.Build.0 = Release|Any CPU
		{6F0128DA-C953-477B-ACE5-9CD52494D1A3}.Debug|Any CPU.ActiveCfg = Debug|Any CPU
		{6F0128DA-C953-477B-ACE5-9CD52494D1A3}.Debug|Any CPU.Build.0 = Debug|Any CPU
		{6F0128DA-C953-477B-ACE5-9CD52494D1A3}.Release|Any CPU.ActiveCfg = Release|Any CPU
		{6F0128DA-C953-477B-ACE5-9CD52494D1A3}.Release|Any CPU.Build.0 = Release|Any CPU
		{93AB030C-13AC-4770-AFDF-83CA1559FDEF}.Debug|Any CPU.ActiveCfg = Debug|Any CPU
		{93AB030C-13AC-4770-AFDF-83CA1559FDEF}.Debug|Any CPU.Build.0 = Debug|Any CPU
		{93AB030C-13AC-4770-AFDF-83CA1559FDEF}.Release|Any CPU.ActiveCfg = Release|Any CPU
		{93AB030C-13AC-4770-AFDF-83CA1559FDEF}.Release|Any CPU.Build.0 = Release|Any CPU
	EndGlobalSection
	GlobalSection(SolutionProperties) = preSolution
		HideSolutionNode = FALSE
	EndGlobalSection
EndGlobal
